
Microsoft Visual Studio Solution File, Format Version 12.00
# Visual Studio Version 16
VisualStudioVersion = 16.0.28803.452
MinimumVisualStudioVersion = 10.0.40219.1
Project("{9092AA53-FB77-4645-B42D-1CCCA6BD08BD}") = "ExpressApp", "ExpressApp\ExpressApp.njsproj", "{8BD522A5-7EF2-4B00-BE23-0D7D13ED1CDA}"
EndProject
Global
	GlobalSection(SolutionConfigurationPlatforms) = preSolution
		Debug|Any CPU = Debug|Any CPU
		Release|Any CPU = Release|Any CPU
	EndGlobalSection
	GlobalSection(ProjectConfigurationPlatforms) = postSolution
		{8BD522A5-7EF2-4B00-BE23-0D7D13ED1CDA}.Debug|Any CPU.ActiveCfg = Debug|Any CPU
		{8BD522A5-7EF2-4B00-BE23-0D7D13ED1CDA}.Debug|Any CPU.Build.0 = Debug|Any CPU
		{8BD522A5-7EF2-4B00-BE23-0D7D13ED1CDA}.Release|Any CPU.ActiveCfg = Release|Any CPU
		{8BD522A5-7EF2-4B00-BE23-0D7D13ED1CDA}.Release|Any CPU.Build.0 = Release|Any CPU
	EndGlobalSection
	GlobalSection(SolutionProperties) = preSolution
		HideSolutionNode = FALSE
	EndGlobalSection
	GlobalSection(ExtensibilityGlobals) = postSolution
		SolutionGuid = {6FE0E853-7BBF-4E01-98D8-ADAFB2EDDE8D}
	EndGlobalSection
EndGlobal
